
Microsoft Visual Studio Solution File, Format Version 12.00
# Visual Studio Version 17
VisualStudioVersion = 17.12.35506.116 d17.12
MinimumVisualStudioVersion = 10.0.40219.1
Project("{FAE04EC0-301F-11D3-BF4B-00C04F79EFBC}") = "Monogame Topic 3 - Animation", "Monogame Topic 3 - Animation.csproj", "{5D078A24-0733-40B4-9F10-38E449D359B7}"
EndProject
Global
	GlobalSection(SolutionConfigurationPlatforms) = preSolution
		Debug|Any CPU = Debug|Any CPU
		Release|Any CPU = Release|Any CPU
	EndGlobalSection
	GlobalSection(ProjectConfigurationPlatforms) = postSolution
		{5D078A24-0733-40B4-9F10-38E449D359B7}.Debug|Any CPU.ActiveCfg = Debug|Any CPU
		{5D078A24-0733-40B4-9F10-38E449D359B7}.Debug|Any CPU.Build.0 = Debug|Any CPU
		{5D078A24-0733-40B4-9F10-38E449D359B7}.Release|Any CPU.ActiveCfg = Release|Any CPU
		{5D078A24-0733-40B4-9F10-38E449D359B7}.Release|Any CPU.Build.0 = Release|Any CPU
	EndGlobalSection
	GlobalSection(SolutionProperties) = preSolution
		HideSolutionNode = FALSE
	EndGlobalSection
EndGlobal
